<?xml version="1.0" encoding="utf-8"?>
<Project ToolsVersion="4.0" xmlns="http://schemas.microsoft.com/developer/msbuild/2003">
  <ItemGroup>
    <Filter Include="源文件">
      <UniqueIdentifier>{4FC737F1-C7A5-4376-A066-2A32D752A2FF}</UniqueIdentifier>
      <Extensions>cpp;c;cc;cxx;c++;cppm;ixx;def;odl;idl;hpj;bat;asm;asmx</Extensions>
    </Filter>
    <Filter Include="头文件">
      <UniqueIdentifier>{93995380-89BD-4b04-88EB-625FBE52EBFB}</UniqueIdentifier>
      <Extensions>h;hh;hpp;hxx;h++;hm;inl;inc;ipp;xsd</Extensions>
    </Filter>
    <Filter Include="资源文件">
      <UniqueIdentifier>{67DA6AB6-F800-4c08-8B7A-83BB121AAD01}</UniqueIdentifier>
      <Extensions>rc;ico;cur;bmp;dlg;rc2;rct;bin;rgs;gif;jpg;jpeg;jpe;resx;tiff;tif;png;wav;mfcribbon-ms</Extensions>
    </Filter>
    <Filter Include="源文件\object">
      <UniqueIdentifier>{4d0d9c54-bdc7-41ba-b242-08eea63086e0}</UniqueIdentifier>
    </Filter>
    <Filter Include="源文件\tool">
      <UniqueIdentifier>{dfa18532-a325-487f-aa21-da6348690066}</UniqueIdentifier>
    </Filter>
  </ItemGroup>
  <ItemGroup>
    <ClCompile Include="mytry.cpp">
      <Filter>源文件</Filter>
    </ClCompile>
    <ClCompile Include="logical.cpp">
      <Filter>源文件</Filter>
    </ClCompile>
    <ClCompile Include="display.cpp">
      <Filter>源文件</Filter>
    </ClCompile>
    <ClCompile Include="character.cpp">
      <Filter>源文件\object</Filter>
    </ClCompile>
    <ClCompile Include="environment.cpp">
      <Filter>源文件\object</Filter>
    </ClCompile>
    <ClCompile Include="control.cpp">
      <Filter>源文件\tool</Filter>
    </ClCompile>
    <ClCompile Include="Bullet.cpp">
      <Filter>源文件</Filter>
    </ClCompile>
  </ItemGroup>
  <ItemGroup>
    <ClInclude Include="character.h">
      <Filter>头文件</Filter>
    </ClInclude>
    <ClInclude Include="setup.h">
      <Filter>头文件</Filter>
    </ClInclude>
    <ClInclude Include="Timer.h">
      <Filter>头文件</Filter>
    </ClInclude>
    <ClInclude Include="EasyXPng.h">
      <Filter>头文件</Filter>
    </ClInclude>
    <ClInclude Include="environment.h">
      <Filter>头文件</Filter>
    </ClInclude>
    <ClInclude Include="logical.h">
      <Filter>头文件</Filter>
    </ClInclude>
    <ClInclude Include="display.h">
      <Filter>头文件</Filter>
    </ClInclude>
    <ClInclude Include="control.h">
      <Filter>头文件</Filter>
    </ClInclude>
    <ClInclude Include="Bullet.h">
      <Filter>头文件</Filter>
    </ClInclude>
    <ClInclude Include="resource.h">
      <Filter>头文件</Filter>
    </ClInclude>
  </ItemGroup>
  <ItemGroup>
    <ResourceCompile Include="mytry.rc">
      <Filter>资源文件</Filter>
    </ResourceCompile>
  </ItemGroup>
</Project>